
Microsoft Visual Studio Solution File, Format Version 12.00
# Visual Studio 15
VisualStudioVersion = 15.0.27004.2010
MinimumVisualStudioVersion = 10.0.40219.1
Project("{FAE04EC0-301F-11D3-BF4B-00C04F79EFBC}") = "RedBlackTree", "RedBlackTree\RedBlackTree.csproj", "{3CD3516C-6942-46B7-947D-68BE43979FAB}"
EndProject
Project("{FAE04EC0-301F-11D3-BF4B-00C04F79EFBC}") = "RedBlackTreeTests", "RedBlackTreeTests\RedBlackTreeTests.csproj", "{B57F3894-0EE4-4FA5-A994-ABF338B332F2}"
EndProject
Global
	GlobalSection(SolutionConfigurationPlatforms) = preSolution
		Debug|Any CPU = Debug|Any CPU
		Release|Any CPU = Release|Any CPU
	EndGlobalSection
	GlobalSection(ProjectConfigurationPlatforms) = postSolution
		{3CD3516C-6942-46B7-947D-68BE43979FAB}.Debug|Any CPU.ActiveCfg = Debug|Any CPU
		{3CD3516C-6942-46B7-947D-68BE43979FAB}.Debug|Any CPU.Build.0 = Debug|Any CPU
		{3CD3516C-6942-46B7-947D-68BE43979FAB}.Release|Any CPU.ActiveCfg = Release|Any CPU
		{3CD3516C-6942-46B7-947D-68BE43979FAB}.Release|Any CPU.Build.0 = Release|Any CPU
		{B57F3894-0EE4-4FA5-A994-ABF338B332F2}.Debug|Any CPU.ActiveCfg = Debug|Any CPU
		{B57F3894-0EE4-4FA5-A994-ABF338B332F2}.Debug|Any CPU.Build.0 = Debug|Any CPU
		{B57F3894-0EE4-4FA5-A994-ABF338B332F2}.Release|Any CPU.ActiveCfg = Release|Any CPU
		{B57F3894-0EE4-4FA5-A994-ABF338B332F2}.Release|Any CPU.Build.0 = Release|Any CPU
	EndGlobalSection
	GlobalSection(SolutionProperties) = preSolution
		HideSolutionNode = FALSE
	EndGlobalSection
	GlobalSection(ExtensibilityGlobals) = postSolution
		SolutionGuid = {2920B577-ABCE-454E-B91A-38EB19CF3FEE}
	EndGlobalSection
EndGlobal
